
Microsoft Visual Studio Solution File, Format Version 12.00
# Visual Studio Version 16
VisualStudioVersion = 16.0.31729.503
MinimumVisualStudioVersion = 10.0.40219.1
Project("{FAE04EC0-301F-11D3-BF4B-00C04F79EFBC}") = "VisuAlg", "VisuAlg\VisuAlg.csproj", "{5E66C533-0BB3-47F0-8159-76B51651E2C6}"
EndProject
Global
	GlobalSection(SolutionConfigurationPlatforms) = preSolution
		Debug|Any CPU = Debug|Any CPU
		Release|Any CPU = Release|Any CPU
	EndGlobalSection
	GlobalSection(ProjectConfigurationPlatforms) = postSolution
		{5E66C533-0BB3-47F0-8159-76B51651E2C6}.Debug|Any CPU.ActiveCfg = Debug|Any CPU
		{5E66C533-0BB3-47F0-8159-76B51651E2C6}.Debug|Any CPU.Build.0 = Debug|Any CPU
		{5E66C533-0BB3-47F0-8159-76B51651E2C6}.Release|Any CPU.ActiveCfg = Release|Any CPU
		{5E66C533-0BB3-47F0-8159-76B51651E2C6}.Release|Any CPU.Build.0 = Release|Any CPU
	EndGlobalSection
	GlobalSection(SolutionProperties) = preSolution
		HideSolutionNode = FALSE
	EndGlobalSection
	GlobalSection(ExtensibilityGlobals) = postSolution
		SolutionGuid = {AFFE8A19-0C29-4E7D-A3CE-ACE6B101A1B4}
	EndGlobalSection
EndGlobal
